// !$*UTF8*$!
{
	archiveVersion = 1;
	classes = {
	};
	objectVersion = 70;
	objects = {

/* Begin PBXBuildFile section */
		B100000000000000000000B2 /* RelayiumKit in Frameworks */ = {isa = PBXBuildFile; productRef = B100000000000000000000B1 /* RelayiumKit */; };
		B100000000000000000001B2 /* RelayiumStoreKit in Frameworks */ = {isa = PBXBuildFile; productRef = B100000000000000000001B1 /* RelayiumStoreKit */; };
		B100000000000000000000D6 /* RelayiumShareKit in Frameworks */ = {isa = PBXBuildFile; productRef = B100000000000000000000D5 /* RelayiumShareKit */; };
		B100000000000000000000D7 /* RelayiumShare.appex in Embed Foundation Extensions */ = {isa = PBXBuildFile; fileRef = B100000000000000000000D1 /* RelayiumShare.appex */; settings = {ATTRIBUTES = (RemoveHeadersOnCopy, ); }; };
/* End PBXBuildFile section */

/* Begin PBXContainerItemProxy section */
		B100000000000000000000DA /* PBXContainerItemProxy */ = {
			isa = PBXContainerItemProxy;
			containerPortal = B100000000000000000000A1 /* Project object */;
			proxyType = 1;
			remoteGlobalIDString = B100000000000000000000D2;
			remoteInfo = RelayiumShare;
		};
		B100000000000000000000FB /* PBXContainerItemProxy */ = {
			isa = PBXContainerItemProxy;
			containerPortal = B100000000000000000000A1 /* Project object */;
			proxyType = 1;
			remoteGlobalIDString = B100000000000000000000A5;
			remoteInfo = Relayium;
		};
/* End PBXContainerItemProxy section */

/* Begin PBXCopyFilesBuildPhase section */
		B100000000000000000000D8 /* Embed Foundation Extensions */ = {
			isa = PBXCopyFilesBuildPhase;
			buildActionMask = 2147483647;
			dstPath = "";
			dstSubfolderSpec = 13;
			files = (
				B100000000000000000000D7 /* RelayiumShare.appex in Embed Foundation Extensions */,
			);
			name = "Embed Foundation Extensions";
			runOnlyForDeploymentPostprocessing = 0;
		};
/* End PBXCopyFilesBuildPhase section */

/* Begin PBXFileReference section */
		B100000000000000000000A4 /* Relayium.app */ = {isa = PBXFileReference; explicitFileType = wrapper.application; includeInIndex = 0; path = Relayium.app; sourceTree = BUILT_PRODUCTS_DIR; };
		B100000000000000000000D1 /* RelayiumShare.appex */ = {isa = PBXFileReference; explicitFileType = "wrapper.app-extension"; includeInIndex = 0; path = RelayiumShare.appex; sourceTree = BUILT_PRODUCTS_DIR; };
		B100000000000000000000F1 /* RelayiumUITests.xctest */ = {isa = PBXFileReference; explicitFileType = wrapper.cfbundle; includeInIndex = 0; path = RelayiumUITests.xctest; sourceTree = BUILT_PRODUCTS_DIR; };
/* End PBXFileReference section */

/* Begin PBXFileSystemSynchronizedBuildFileExceptionSet section */
		B100000000000000000000C3 /* PBXFileSystemSynchronizedBuildFileExceptionSet */ = {
			isa = PBXFileSystemSynchronizedBuildFileExceptionSet;
			membershipExceptions = (
				Info.plist,
			);
			target = B100000000000000000000A5 /* Relayium */;
		};
		B100000000000000000000D4 /* PBXFileSystemSynchronizedBuildFileExceptionSet */ = {
			isa = PBXFileSystemSynchronizedBuildFileExceptionSet;
			membershipExceptions = (
				Info.plist,
			);
			target = B100000000000000000000D2 /* RelayiumShare */;
		};
/* End PBXFileSystemSynchronizedBuildFileExceptionSet section */

/* Begin PBXFileSystemSynchronizedGroupBuildPhaseMembershipExceptionSet section */
		B100000000000000000000C5 /* PBXFileSystemSynchronizedGroupBuildPhaseMembershipExceptionSet */ = {
			isa = PBXFileSystemSynchronizedGroupBuildPhaseMembershipExceptionSet;
			buildPhase = B100000000000000000000DC /* Sources */;
			membershipExceptions = (
				Components/DesignTokens.swift,
				Components/InlineMessage.swift,
				Components/SectionCard.swift,
			);
		};
/* End PBXFileSystemSynchronizedGroupBuildPhaseMembershipExceptionSet section */

/* Begin PBXFileSystemSynchronizedRootGroup section */
		B100000000000000000000AF /* Relayium */ = {isa = PBXFileSystemSynchronizedRootGroup; exceptions = (B100000000000000000000C3 /* PBXFileSystemSynchronizedBuildFileExceptionSet */, B100000000000000000000C5 /* PBXFileSystemSynchronizedGroupBuildPhaseMembershipExceptionSet */, ); explicitFileTypes = {}; explicitFolders = (); path = Relayium; sourceTree = "<group>"; };
		B100000000000000000000D3 /* RelayiumShare */ = {isa = PBXFileSystemSynchronizedRootGroup; exceptions = (B100000000000000000000D4 /* PBXFileSystemSynchronizedBuildFileExceptionSet */, ); explicitFileTypes = {}; explicitFolders = (); path = RelayiumShare; sourceTree = "<group>"; };
		B100000000000000000000F3 /* RelayiumUITests */ = {isa = PBXFileSystemSynchronizedRootGroup; explicitFileTypes = {}; explicitFolders = (); path = RelayiumUITests; sourceTree = "<group>"; };
/* End PBXFileSystemSynchronizedRootGroup section */

/* Begin PBXFrameworksBuildPhase section */
		B100000000000000000000AD /* Frameworks */ = {
			isa = PBXFrameworksBuildPhase;
			buildActionMask = 2147483647;
			files = (
				B100000000000000000000B2 /* RelayiumKit in Frameworks */,
				B100000000000000000001B2 /* RelayiumStoreKit in Frameworks */,
			);
			runOnlyForDeploymentPostprocessing = 0;
		};
		B100000000000000000000DD /* Frameworks */ = {
			isa = PBXFrameworksBuildPhase;
			buildActionMask = 2147483647;
			files = (
				B100000000000000000000D6 /* RelayiumShareKit in Frameworks */,
			);
			runOnlyForDeploymentPostprocessing = 0;
		};
		B100000000000000000000F5 /* Frameworks */ = {
			isa = PBXFrameworksBuildPhase;
			buildActionMask = 2147483647;
			files = (
			);
			runOnlyForDeploymentPostprocessing = 0;
		};
/* End PBXFrameworksBuildPhase section */

/* Begin PBXGroup section */
		B100000000000000000000A2 = {
			isa = PBXGroup;
			children = (
				B100000000000000000000AF /* Relayium */,
				B100000000000000000000D3 /* RelayiumShare */,
				B100000000000000000000F3 /* RelayiumUITests */,
				B100000000000000000000A3 /* Products */,
			);
			sourceTree = "<group>";
		};
		B100000000000000000000A3 /* Products */ = {
			isa = PBXGroup;
			children = (
				B100000000000000000000A4 /* Relayium.app */,
				B100000000000000000000D1 /* RelayiumShare.appex */,
				B100000000000000000000F1 /* RelayiumUITests.xctest */,
			);
			name = Products;
			sourceTree = "<group>";
		};
/* End PBXGroup section */

/* Begin PBXNativeTarget section */
		B100000000000000000000A5 /* Relayium */ = {
			isa = PBXNativeTarget;
			buildConfigurationList = B100000000000000000000A6 /* Build configuration list for PBXNativeTarget "Relayium" */;
			buildPhases = (
				B100000000000000000000AC /* Sources */,
				B100000000000000000000AD /* Frameworks */,
				B100000000000000000000AE /* Resources */,
				B100000000000000000000D8 /* Embed Foundation Extensions */,
			);
			buildRules = (
			);
			dependencies = (
				B100000000000000000000D9 /* PBXTargetDependency */,
			);
			fileSystemSynchronizedGroups = (
				B100000000000000000000AF /* Relayium */,
			);
			name = Relayium;
			packageProductDependencies = (
				B100000000000000000000B1 /* RelayiumKit */,
				B100000000000000000001B1 /* RelayiumStoreKit */,
			);
			productName = Relayium;
			productReference = B100000000000000000000A4 /* Relayium.app */;
			productType = "com.apple.product-type.application";
		};
		B100000000000000000000D2 /* RelayiumShare */ = {
			isa = PBXNativeTarget;
			buildConfigurationList = B100000000000000000000DE /* Build configuration list for PBXNativeTarget "RelayiumShare" */;
			buildPhases = (
				B100000000000000000000DC /* Sources */,
				B100000000000000000000DD /* Frameworks */,
				B100000000000000000000DF /* Resources */,
			);
			buildRules = (
			);
			dependencies = (
			);
			fileSystemSynchronizedGroups = (
				B100000000000000000000D3 /* RelayiumShare */,
			);
			name = RelayiumShare;
			packageProductDependencies = (
				B100000000000000000000D5 /* RelayiumShareKit */,
			);
			productName = RelayiumShare;
			productReference = B100000000000000000000D1 /* RelayiumShare.appex */;
			productType = "com.apple.product-type.app-extension";
		};
		B100000000000000000000F2 /* RelayiumUITests */ = {
			isa = PBXNativeTarget;
			buildConfigurationList = B100000000000000000000F7 /* Build configuration list for PBXNativeTarget "RelayiumUITests" */;
			buildPhases = (
				B100000000000000000000F4 /* Sources */,
				B100000000000000000000F5 /* Frameworks */,
				B100000000000000000000F6 /* Resources */,
			);
			buildRules = (
			);
			dependencies = (
				B100000000000000000000FA /* PBXTargetDependency */,
			);
			fileSystemSynchronizedGroups = (
				B100000000000000000000F3 /* RelayiumUITests */,
			);
			name = RelayiumUITests;
			packageProductDependencies = (
			);
			productName = RelayiumUITests;
			productReference = B100000000000000000000F1 /* RelayiumUITests.xctest */;
			productType = "com.apple.product-type.bundle.ui-testing";
		};
/* End PBXNativeTarget section */

/* Begin PBXProject section */
		B100000000000000000000A1 /* Project object */ = {
			isa = PBXProject;
			attributes = {
				BuildIndependentTargetsInParallel = 1;
				LastUpgradeCheck = 1700;
				TargetAttributes = {
					B100000000000000000000A5 = {
						CreatedOnToolsVersion = 26.6;
					};
					B100000000000000000000D2 = {
						CreatedOnToolsVersion = 26.6;
					};
					B100000000000000000000F2 = {
						CreatedOnToolsVersion = 26.6;
						TestTargetID = B100000000000000000000A5;
					};
				};
			};
			buildConfigurationList = B100000000000000000000A9 /* Build configuration list for PBXProject "Relayium" */;
			compatibilityVersion = "Xcode 14.0";
			developmentRegion = en;
			hasScannedForEncodings = 0;
			knownRegions = (
				en,
				Base,
				"zh-Hans",
			);
			mainGroup = B100000000000000000000A2;
			minimizedProjectReferenceProxies = 1;
			packageReferences = (
				B100000000000000000000B0 /* XCLocalSwiftPackageReference "../RelayiumKit" */,
			);
			productRefGroup = B100000000000000000000A3 /* Products */;
			projectDirPath = "";
			projectRoot = "";
			targets = (
				B100000000000000000000A5 /* Relayium */,
				B100000000000000000000D2 /* RelayiumShare */,
				B100000000000000000000F2 /* RelayiumUITests */,
			);
		};
/* End PBXProject section */

/* Begin PBXResourcesBuildPhase section */
		B100000000000000000000AE /* Resources */ = {
			isa = PBXResourcesBuildPhase;
			buildActionMask = 2147483647;
			files = (
			);
			runOnlyForDeploymentPostprocessing = 0;
		};
		B100000000000000000000DF /* Resources */ = {
			isa = PBXResourcesBuildPhase;
			buildActionMask = 2147483647;
			files = (
			);
			runOnlyForDeploymentPostprocessing = 0;
		};
		B100000000000000000000F6 /* Resources */ = {
			isa = PBXResourcesBuildPhase;
			buildActionMask = 2147483647;
			files = (
			);
			runOnlyForDeploymentPostprocessing = 0;
		};
/* End PBXResourcesBuildPhase section */

/* Begin PBXSourcesBuildPhase section */
		B100000000000000000000AC /* Sources */ = {
			isa = PBXSourcesBuildPhase;
			buildActionMask = 2147483647;
			files = (
			);
			runOnlyForDeploymentPostprocessing = 0;
		};
		B100000000000000000000DC /* Sources */ = {
			isa = PBXSourcesBuildPhase;
			buildActionMask = 2147483647;
			files = (
			);
			runOnlyForDeploymentPostprocessing = 0;
		};
		B100000000000000000000F4 /* Sources */ = {
			isa = PBXSourcesBuildPhase;
			buildActionMask = 2147483647;
			files = (
			);
			runOnlyForDeploymentPostprocessing = 0;
		};
/* End PBXSourcesBuildPhase section */

/* Begin PBXTargetDependency section */
		B100000000000000000000D9 /* PBXTargetDependency */ = {
			isa = PBXTargetDependency;
			target = B100000000000000000000D2 /* RelayiumShare */;
			targetProxy = B100000000000000000000DA /* PBXContainerItemProxy */;
		};
		B100000000000000000000FA /* PBXTargetDependency */ = {
			isa = PBXTargetDependency;
			target = B100000000000000000000A5 /* Relayium */;
			targetProxy = B100000000000000000000FB /* PBXContainerItemProxy */;
		};
/* End PBXTargetDependency section */

/* Begin XCBuildConfiguration section */
		B100000000000000000000A7 /* Debug */ = {
			isa = XCBuildConfiguration;
			buildSettings = {
				ASSETCATALOG_COMPILER_APPICON_NAME = AppIcon;
				ASSETCATALOG_COMPILER_GLOBAL_ACCENT_COLOR_NAME = AccentColor;
				CODE_SIGN_ENTITLEMENTS = Relayium/Relayium.entitlements;
				CODE_SIGN_STYLE = Automatic;
				CURRENT_PROJECT_VERSION = 5;
				DEVELOPMENT_TEAM = 7PVYUG4YQS;
				ENABLE_PREVIEWS = YES;
				GENERATE_INFOPLIST_FILE = NO;
				INFOPLIST_FILE = Relayium/Info.plist;
				IPHONEOS_DEPLOYMENT_TARGET = 16.0;
				LD_RUNPATH_SEARCH_PATHS = (
					"$(inherited)",
					"@executable_path/Frameworks",
				);
				MARKETING_VERSION = 0.3.0;
				PRODUCT_BUNDLE_IDENTIFIER = com.relayium.app;
				PRODUCT_NAME = "$(TARGET_NAME)";
				SUPPORTED_PLATFORMS = "iphoneos iphonesimulator";
				SWIFT_EMIT_LOC_STRINGS = YES;
				SWIFT_VERSION = 5.0;
				TARGETED_DEVICE_FAMILY = "1,2";
			};
			name = Debug;
		};
		B100000000000000000000A8 /* Release */ = {
			isa = XCBuildConfiguration;
			buildSettings = {
				ASSETCATALOG_COMPILER_APPICON_NAME = AppIcon;
				ASSETCATALOG_COMPILER_GLOBAL_ACCENT_COLOR_NAME = AccentColor;
				CODE_SIGN_ENTITLEMENTS = Relayium/Relayium.entitlements;
				CODE_SIGN_IDENTITY = "iPhone Distribution";
				CODE_SIGN_STYLE = Manual;
				CURRENT_PROJECT_VERSION = 5;
				DEVELOPMENT_TEAM = 7PVYUG4YQS;
				ENABLE_PREVIEWS = YES;
				GENERATE_INFOPLIST_FILE = NO;
				INFOPLIST_FILE = Relayium/Info.plist;
				IPHONEOS_DEPLOYMENT_TARGET = 16.0;
				LD_RUNPATH_SEARCH_PATHS = (
					"$(inherited)",
					"@executable_path/Frameworks",
				);
				MARKETING_VERSION = 0.3.0;
				PRODUCT_BUNDLE_IDENTIFIER = com.relayium.app;
				PRODUCT_NAME = "$(TARGET_NAME)";
				PROVISIONING_PROFILE_SPECIFIER = "Relayium iOS App Store";
				SUPPORTED_PLATFORMS = "iphoneos iphonesimulator";
				SWIFT_EMIT_LOC_STRINGS = YES;
				SWIFT_VERSION = 5.0;
				TARGETED_DEVICE_FAMILY = "1,2";
			};
			name = Release;
		};
		B100000000000000000000AA /* Debug */ = {
			isa = XCBuildConfiguration;
			buildSettings = {
				ALWAYS_SEARCH_USER_PATHS = NO;
				CLANG_ANALYZER_NONNULL = YES;
				CLANG_ANALYZER_NUMBER_OBJECT_CONVERSION = YES_AGGRESSIVE;
				CLANG_CXX_LANGUAGE_STANDARD = "gnu++20";
				CLANG_ENABLE_MODULES = YES;
				CLANG_ENABLE_OBJC_ARC = YES;
				CLANG_ENABLE_OBJC_WEAK = YES;
				CLANG_WARN_BLOCK_CAPTURE_AUTORELEASING = YES;
				CLANG_WARN_BOOL_CONVERSION = YES;
				CLANG_WARN_COMMA = YES;
				CLANG_WARN_CONSTANT_CONVERSION = YES;
				CLANG_WARN_DEPRECATED_OBJC_IMPLEMENTATIONS = YES;
				CLANG_WARN_DIRECT_OBJC_ISA_USAGE = YES_ERROR;
				CLANG_WARN_DOCUMENTATION_COMMENTS = YES;
				CLANG_WARN_EMPTY_BODY = YES;
				CLANG_WARN_ENUM_CONVERSION = YES;
				CLANG_WARN_INFINITE_RECURSION = YES;
				CLANG_WARN_INT_CONVERSION = YES;
				CLANG_WARN_NON_LITERAL_NULL_CONVERSION = YES;
				CLANG_WARN_OBJC_IMPLICIT_RETAIN_SELF = YES;
				CLANG_WARN_OBJC_LITERAL_CONVERSION = YES;
				CLANG_WARN_OBJC_ROOT_CLASS = YES_ERROR;
				CLANG_WARN_QUOTED_INCLUDE_IN_FRAMEWORK_HEADER = YES;
				CLANG_WARN_RANGE_LOOP_ANALYSIS = YES;
				CLANG_WARN_STRICT_PROTOTYPES = YES;
				CLANG_WARN_SUSPICIOUS_MOVE = YES;
				CLANG_WARN_UNGUARDED_AVAILABILITY = YES_AGGRESSIVE;
				CLANG_WARN_UNREACHABLE_CODE = YES;
				CLANG_WARN__DUPLICATE_METHOD_MATCH = YES;
				COPY_PHASE_STRIP = NO;
				DEBUG_INFORMATION_FORMAT = dwarf;
				ENABLE_STRICT_OBJC_MSGSEND = YES;
				ENABLE_TESTABILITY = YES;
				GCC_C_LANGUAGE_STANDARD = gnu17;
				GCC_DYNAMIC_NO_PIC = NO;
				GCC_NO_COMMON_BLOCKS = YES;
				GCC_OPTIMIZATION_LEVEL = 0;
				GCC_PREPROCESSOR_DEFINITIONS = (
					"DEBUG=1",
					"$(inherited)",
				);
				GCC_WARN_64_TO_32_BIT_CONVERSION = YES;
				GCC_WARN_ABOUT_RETURN_TYPE = YES_ERROR;
				GCC_WARN_UNDECLARED_SELECTOR = YES;
				GCC_WARN_UNINITIALIZED_AUTOS = YES_AGGRESSIVE;
				GCC_WARN_UNUSED_FUNCTION = YES;
				GCC_WARN_UNUSED_VARIABLE = YES;
				IPHONEOS_DEPLOYMENT_TARGET = 16.0;
				MTL_ENABLE_DEBUG_INFO = INCLUDE_SOURCE;
				MTL_FAST_MATH = YES;
				ONLY_ACTIVE_ARCH = YES;
				SDKROOT = iphoneos;
				SWIFT_ACTIVE_COMPILATION_CONDITIONS = DEBUG;
				SWIFT_OPTIMIZATION_LEVEL = "-Onone";
			};
			name = Debug;
		};
		B100000000000000000000AB /* Release */ = {
			isa = XCBuildConfiguration;
			buildSettings = {
				ALWAYS_SEARCH_USER_PATHS = NO;
				CLANG_ANALYZER_NONNULL = YES;
				CLANG_ANALYZER_NUMBER_OBJECT_CONVERSION = YES_AGGRESSIVE;
				CLANG_CXX_LANGUAGE_STANDARD = "gnu++20";
				CLANG_ENABLE_MODULES = YES;
				CLANG_ENABLE_OBJC_ARC = YES;
				CLANG_ENABLE_OBJC_WEAK = YES;
				CLANG_WARN_BLOCK_CAPTURE_AUTORELEASING = YES;
				CLANG_WARN_BOOL_CONVERSION = YES;
				CLANG_WARN_COMMA = YES;
				CLANG_WARN_CONSTANT_CONVERSION = YES;
				CLANG_WARN_DEPRECATED_OBJC_IMPLEMENTATIONS = YES;
				CLANG_WARN_DIRECT_OBJC_ISA_USAGE = YES_ERROR;
				CLANG_WARN_DOCUMENTATION_COMMENTS = YES;
				CLANG_WARN_EMPTY_BODY = YES;
				CLANG_WARN_ENUM_CONVERSION = YES;
				CLANG_WARN_INFINITE_RECURSION = YES;
				CLANG_WARN_INT_CONVERSION = YES;
				CLANG_WARN_NON_LITERAL_NULL_CONVERSION = YES;
				CLANG_WARN_OBJC_IMPLICIT_RETAIN_SELF = YES;
				CLANG_WARN_OBJC_LITERAL_CONVERSION = YES;
				CLANG_WARN_OBJC_ROOT_CLASS = YES_ERROR;
				CLANG_WARN_QUOTED_INCLUDE_IN_FRAMEWORK_HEADER = YES;
				CLANG_WARN_RANGE_LOOP_ANALYSIS = YES;
				CLANG_WARN_STRICT_PROTOTYPES = YES;
				CLANG_WARN_SUSPICIOUS_MOVE = YES;
				CLANG_WARN_UNGUARDED_AVAILABILITY = YES_AGGRESSIVE;
				CLANG_WARN_UNREACHABLE_CODE = YES;
				CLANG_WARN__DUPLICATE_METHOD_MATCH = YES;
				COPY_PHASE_STRIP = NO;
				DEBUG_INFORMATION_FORMAT = "dwarf-with-dsym";
				ENABLE_NS_ASSERTIONS = NO;
				ENABLE_STRICT_OBJC_MSGSEND = YES;
				GCC_C_LANGUAGE_STANDARD = gnu17;
				GCC_NO_COMMON_BLOCKS = YES;
				GCC_WARN_64_TO_32_BIT_CONVERSION = YES;
				GCC_WARN_ABOUT_RETURN_TYPE = YES_ERROR;
				GCC_WARN_UNDECLARED_SELECTOR = YES;
				GCC_WARN_UNINITIALIZED_AUTOS = YES_AGGRESSIVE;
				GCC_WARN_UNUSED_FUNCTION = YES;
				GCC_WARN_UNUSED_VARIABLE = YES;
				IPHONEOS_DEPLOYMENT_TARGET = 16.0;
				MTL_ENABLE_DEBUG_INFO = NO;
				MTL_FAST_MATH = YES;
				SDKROOT = iphoneos;
				SWIFT_COMPILATION_MODE = wholemodule;
				VALIDATE_PRODUCT = YES;
			};
			name = Release;
		};
		B100000000000000000000DB /* Debug */ = {
			isa = XCBuildConfiguration;
			buildSettings = {
				ASSETCATALOG_COMPILER_GLOBAL_ACCENT_COLOR_NAME = AccentColor;
				CODE_SIGN_ENTITLEMENTS = RelayiumShare/RelayiumShare.entitlements;
				CODE_SIGN_STYLE = Automatic;
				CURRENT_PROJECT_VERSION = 5;
				DEVELOPMENT_TEAM = 7PVYUG4YQS;
				GENERATE_INFOPLIST_FILE = NO;
				INFOPLIST_FILE = RelayiumShare/Info.plist;
				IPHONEOS_DEPLOYMENT_TARGET = 16.0;
				LD_RUNPATH_SEARCH_PATHS = (
					"$(inherited)",
					"@executable_path/Frameworks",
					"@executable_path/../../Frameworks",
				);
				MARKETING_VERSION = 0.3.0;
				PRODUCT_BUNDLE_IDENTIFIER = com.relayium.app.share;
				PRODUCT_NAME = "$(TARGET_NAME)";
				SKIP_INSTALL = YES;
				SUPPORTED_PLATFORMS = "iphoneos iphonesimulator";
				SWIFT_EMIT_LOC_STRINGS = YES;
				SWIFT_VERSION = 5.0;
				TARGETED_DEVICE_FAMILY = "1,2";
			};
			name = Debug;
		};
		B100000000000000000000E0 /* Release */ = {
			isa = XCBuildConfiguration;
			buildSettings = {
				ASSETCATALOG_COMPILER_GLOBAL_ACCENT_COLOR_NAME = AccentColor;
				CODE_SIGN_ENTITLEMENTS = RelayiumShare/RelayiumShare.entitlements;
				CODE_SIGN_IDENTITY = "iPhone Distribution";
				CODE_SIGN_STYLE = Manual;
				CURRENT_PROJECT_VERSION = 5;
				DEVELOPMENT_TEAM = 7PVYUG4YQS;
				GENERATE_INFOPLIST_FILE = NO;
				INFOPLIST_FILE = RelayiumShare/Info.plist;
				IPHONEOS_DEPLOYMENT_TARGET = 16.0;
				LD_RUNPATH_SEARCH_PATHS = (
					"$(inherited)",
					"@executable_path/Frameworks",
					"@executable_path/../../Frameworks",
				);
				MARKETING_VERSION = 0.3.0;
				PRODUCT_BUNDLE_IDENTIFIER = com.relayium.app.share;
				PRODUCT_NAME = "$(TARGET_NAME)";
				PROVISIONING_PROFILE_SPECIFIER = "Relayium Share Extension App Store";
				SKIP_INSTALL = YES;
				SUPPORTED_PLATFORMS = "iphoneos iphonesimulator";
				SWIFT_EMIT_LOC_STRINGS = YES;
				SWIFT_VERSION = 5.0;
				TARGETED_DEVICE_FAMILY = "1,2";
			};
			name = Release;
		};
		B100000000000000000000F8 /* Debug */ = {
			isa = XCBuildConfiguration;
			buildSettings = {
				CODE_SIGN_STYLE = Automatic;
				DEVELOPMENT_TEAM = 7PVYUG4YQS;
				GENERATE_INFOPLIST_FILE = YES;
				PRODUCT_BUNDLE_IDENTIFIER = com.relayium.app.UITests;
				PRODUCT_NAME = "$(TARGET_NAME)";
				SDKROOT = iphoneos;
				SWIFT_EMIT_LOC_STRINGS = NO;
				SWIFT_VERSION = 5.0;
				TARGETED_DEVICE_FAMILY = "1,2";
				TEST_TARGET_NAME = Relayium;
			};
			name = Debug;
		};
		B100000000000000000000F9 /* Release */ = {
			isa = XCBuildConfiguration;
			buildSettings = {
				CODE_SIGN_STYLE = Automatic;
				DEVELOPMENT_TEAM = 7PVYUG4YQS;
				GENERATE_INFOPLIST_FILE = YES;
				PRODUCT_BUNDLE_IDENTIFIER = com.relayium.app.UITests;
				PRODUCT_NAME = "$(TARGET_NAME)";
				SDKROOT = iphoneos;
				SWIFT_EMIT_LOC_STRINGS = NO;
				SWIFT_VERSION = 5.0;
				TARGETED_DEVICE_FAMILY = "1,2";
				TEST_TARGET_NAME = Relayium;
			};
			name = Release;
		};
/* End XCBuildConfiguration section */

/* Begin XCConfigurationList section */
		B100000000000000000000A6 /* Build configuration list for PBXNativeTarget "Relayium" */ = {
			isa = XCConfigurationList;
			buildConfigurations = (
				B100000000000000000000A7 /* Debug */,
				B100000000000000000000A8 /* Release */,
			);
			defaultConfigurationIsVisible = 0;
			defaultConfigurationName = Release;
		};
		B100000000000000000000A9 /* Build configuration list for PBXProject "Relayium" */ = {
			isa = XCConfigurationList;
			buildConfigurations = (
				B100000000000000000000AA /* Debug */,
				B100000000000000000000AB /* Release */,
			);
			defaultConfigurationIsVisible = 0;
			defaultConfigurationName = Release;
		};
		B100000000000000000000DE /* Build configuration list for PBXNativeTarget "RelayiumShare" */ = {
			isa = XCConfigurationList;
			buildConfigurations = (
				B100000000000000000000DB /* Debug */,
				B100000000000000000000E0 /* Release */,
			);
			defaultConfigurationIsVisible = 0;
			defaultConfigurationName = Release;
		};
		B100000000000000000000F7 /* Build configuration list for PBXNativeTarget "RelayiumUITests" */ = {
			isa = XCConfigurationList;
			buildConfigurations = (
				B100000000000000000000F8 /* Debug */,
				B100000000000000000000F9 /* Release */,
			);
			defaultConfigurationIsVisible = 0;
			defaultConfigurationName = Release;
		};
/* End XCConfigurationList section */

/* Begin XCLocalSwiftPackageReference section */
		B100000000000000000000B0 /* XCLocalSwiftPackageReference "../RelayiumKit" */ = {
			isa = XCLocalSwiftPackageReference;
			relativePath = ../RelayiumKit;
		};
/* End XCLocalSwiftPackageReference section */

/* Begin XCSwiftPackageProductDependency section */
		B100000000000000000000B1 /* RelayiumKit */ = {
			isa = XCSwiftPackageProductDependency;
			productName = RelayiumKit;
		};
		B100000000000000000000D5 /* RelayiumShareKit */ = {
			isa = XCSwiftPackageProductDependency;
			productName = RelayiumShareKit;
		};
		B100000000000000000001B1 /* RelayiumStoreKit */ = {
			isa = XCSwiftPackageProductDependency;
			productName = RelayiumStoreKit;
		};
/* End XCSwiftPackageProductDependency section */
	};
	rootObject = B100000000000000000000A1 /* Project object */;
}
